// !$*UTF8*$!
{
	archiveVersion = 1;
	classes = {
	};
	objectVersion = 46;
	objects = {

/* Begin PBXBuildFile section */
		34123B421A38FBEB00E26285 /* test.swift in Sources */ = {isa = PBXBuildFile; fileRef = 34123B411A38FBEB00E26285 /* test.swift */; };
		34A5CBAE1A45140D005AC3FC /* setup.swift in Sources */ = {isa = PBXBuildFile; fileRef = 34A5CBAD1A45140D005AC3FC /* setup.swift */; };
		34A5CBB01A4517FA005AC3FC /* code.swift in Sources */ = {isa = PBXBuildFile; fileRef = 34A5CBAF1A4517FA005AC3FC /* code.swift */; };
		34A5CBB31A45193A005AC3FC /* code.m in Sources */ = {isa = PBXBuildFile; fileRef = 34A5CBB21A45193A005AC3FC /* code.m */; };
		34A5CBB61A451AF8005AC3FC /* setup.m in Sources */ = {isa = PBXBuildFile; fileRef = 34A5CBB51A451AF8005AC3FC /* setup.m */; };
		34A5CBBB1A451BF6005AC3FC /* test.m in Sources */ = {isa = PBXBuildFile; fileRef = 34A5CBBA1A451BF6005AC3FC /* test.m */; };
/* End PBXBuildFile section */

/* Begin PBXFileReference section */
		34123B3D1A38FBEB00E26285 /* runner-test.xctest */ = {isa = PBXFileReference; explicitFileType = wrapper.cfbundle; includeInIndex = 0; path = "runner-test.xctest"; sourceTree = BUILT_PRODUCTS_DIR; };
		34123B401A38FBEB00E26285 /* Info.plist */ = {isa = PBXFileReference; lastKnownFileType = text.plist.xml; path = Info.plist; sourceTree = "<group>"; };
		34123B411A38FBEB00E26285 /* test.swift */ = {isa = PBXFileReference; lastKnownFileType = sourcecode.swift; path = test.swift; sourceTree = "<group>"; };
		34A5CBAD1A45140D005AC3FC /* setup.swift */ = {isa = PBXFileReference; fileEncoding = 4; lastKnownFileType = sourcecode.swift; path = setup.swift; sourceTree = "<group>"; };
		34A5CBAF1A4517FA005AC3FC /* code.swift */ = {isa = PBXFileReference; fileEncoding = 4; lastKnownFileType = sourcecode.swift; path = code.swift; sourceTree = "<group>"; };
		34A5CBB21A45193A005AC3FC /* code.m */ = {isa = PBXFileReference; fileEncoding = 4; lastKnownFileType = sourcecode.c.objc; path = code.m; sourceTree = "<group>"; };
		34A5CBB41A451A92005AC3FC /* code.h */ = {isa = PBXFileReference; lastKnownFileType = sourcecode.c.h; path = code.h; sourceTree = "<group>"; };
		34A5CBB51A451AF8005AC3FC /* setup.m */ = {isa = PBXFileReference; fileEncoding = 4; lastKnownFileType = sourcecode.c.objc; path = setup.m; sourceTree = "<group>"; };
		34A5CBB71A451B20005AC3FC /* setup.h */ = {isa = PBXFileReference; lastKnownFileType = sourcecode.c.h; path = setup.h; sourceTree = "<group>"; };
		34A5CBBA1A451BF6005AC3FC /* test.m */ = {isa = PBXFileReference; fileEncoding = 4; lastKnownFileType = sourcecode.c.objc; path = test.m; sourceTree = "<group>"; };
/* End PBXFileReference section */

/* Begin PBXFrameworksBuildPhase section */
		34123B3A1A38FBEB00E26285 /* Frameworks */ = {
			isa = PBXFrameworksBuildPhase;
			buildActionMask = 2147483647;
			files = (
			);
			runOnlyForDeploymentPostprocessing = 0;
		};
/* End PBXFrameworksBuildPhase section */

/* Begin PBXGroup section */
		34123B261A38FA6E00E26285 = {
			isa = PBXGroup;
			children = (
				34123B3E1A38FBEB00E26285 /* runner-test */,
				34123B301A38FA6E00E26285 /* Products */,
			);
			sourceTree = "<group>";
		};
		34123B301A38FA6E00E26285 /* Products */ = {
			isa = PBXGroup;
			children = (
				34123B3D1A38FBEB00E26285 /* runner-test.xctest */,
			);
			name = Products;
			sourceTree = "<group>";
		};
		34123B3E1A38FBEB00E26285 /* runner-test */ = {
			isa = PBXGroup;
			children = (
				34123B411A38FBEB00E26285 /* test.swift */,
				34123B3F1A38FBEB00E26285 /* Supporting Files */,
				34A5CBAD1A45140D005AC3FC /* setup.swift */,
				34A5CBAF1A4517FA005AC3FC /* code.swift */,
				34A5CBB21A45193A005AC3FC /* code.m */,
				34A5CBB41A451A92005AC3FC /* code.h */,
				34A5CBB51A451AF8005AC3FC /* setup.m */,
				34A5CBB71A451B20005AC3FC /* setup.h */,
				34A5CBBA1A451BF6005AC3FC /* test.m */,
			);
			path = "runner-test";
			sourceTree = "<group>";
		};
		34123B3F1A38FBEB00E26285 /* Supporting Files */ = {
			isa = PBXGroup;
			children = (
				34123B401A38FBEB00E26285 /* Info.plist */,
			);
			name = "Supporting Files";
			sourceTree = "<group>";
		};
/* End PBXGroup section */

/* Begin PBXNativeTarget section */
		34123B3C1A38FBEB00E26285 /* runner-test */ = {
			isa = PBXNativeTarget;
			buildConfigurationList = 34123B431A38FBEB00E26285 /* Build configuration list for PBXNativeTarget "runner-test" */;
			buildPhases = (
				34123B391A38FBEB00E26285 /* Sources */,
				34123B3A1A38FBEB00E26285 /* Frameworks */,
				34123B3B1A38FBEB00E26285 /* Resources */,
			);
			buildRules = (
			);
			dependencies = (
			);
			name = "runner-test";
			productName = "runner-test";
			productReference = 34123B3D1A38FBEB00E26285 /* runner-test.xctest */;
			productType = "com.apple.product-type.bundle.unit-test";
		};
/* End PBXNativeTarget section */

/* Begin PBXProject section */
		34123B271A38FA6E00E26285 /* Project object */ = {
			isa = PBXProject;
			attributes = {
				LastUpgradeCheck = 0610;
				ORGANIZATIONNAME = Entrefuse;
				TargetAttributes = {
					34123B3C1A38FBEB00E26285 = {
						CreatedOnToolsVersion = 6.1.1;
					};
				};
			};
			buildConfigurationList = 34123B2A1A38FA6E00E26285 /* Build configuration list for PBXProject "runner" */;
			compatibilityVersion = "Xcode 3.2";
			developmentRegion = English;
			hasScannedForEncodings = 0;
			knownRegions = (
				en,
			);
			mainGroup = 34123B261A38FA6E00E26285;
			productRefGroup = 34123B301A38FA6E00E26285 /* Products */;
			projectDirPath = "";
			projectRoot = "";
			targets = (
				34123B3C1A38FBEB00E26285 /* runner-test */,
			);
		};
/* End PBXProject section */

/* Begin PBXResourcesBuildPhase section */
		34123B3B1A38FBEB00E26285 /* Resources */ = {
			isa = PBXResourcesBuildPhase;
			buildActionMask = 2147483647;
			files = (
			);
			runOnlyForDeploymentPostprocessing = 0;
		};
/* End PBXResourcesBuildPhase section */

/* Begin PBXSourcesBuildPhase section */
		34123B391A38FBEB00E26285 /* Sources */ = {
			isa = PBXSourcesBuildPhase;
			buildActionMask = 2147483647;
			files = (
				34A5CBB31A45193A005AC3FC /* code.m in Sources */,
				34A5CBB01A4517FA005AC3FC /* code.swift in Sources */,
				34A5CBB61A451AF8005AC3FC /* setup.m in Sources */,
				34123B421A38FBEB00E26285 /* test.swift in Sources */,
				34A5CBAE1A45140D005AC3FC /* setup.swift in Sources */,
				34A5CBBB1A451BF6005AC3FC /* test.m in Sources */,
			);
			runOnlyForDeploymentPostprocessing = 0;
		};
/* End PBXSourcesBuildPhase section */

/* Begin XCBuildConfiguration section */
		34123B341A38FA6E00E26285 /* Debug */ = {
			isa = XCBuildConfiguration;
			buildSettings = {
				ALWAYS_SEARCH_USER_PATHS = NO;
				CLANG_CXX_LANGUAGE_STANDARD = "gnu++0x";
				CLANG_CXX_LIBRARY = "libc++";
				CLANG_ENABLE_MODULES = YES;
				CLANG_ENABLE_OBJC_ARC = YES;
				CLANG_WARN_BOOL_CONVERSION = YES;
				CLANG_WARN_CONSTANT_CONVERSION = YES;
				CLANG_WARN_DIRECT_OBJC_ISA_USAGE = YES_ERROR;
				CLANG_WARN_EMPTY_BODY = YES;
				CLANG_WARN_ENUM_CONVERSION = YES;
				CLANG_WARN_INT_CONVERSION = YES;
				CLANG_WARN_OBJC_ROOT_CLASS = YES_ERROR;
				CLANG_WARN_UNREACHABLE_CODE = YES;
				CLANG_WARN__DUPLICATE_METHOD_MATCH = YES;
				COPY_PHASE_STRIP = NO;
				ENABLE_STRICT_OBJC_MSGSEND = YES;
				GCC_C_LANGUAGE_STANDARD = gnu99;
				GCC_DYNAMIC_NO_PIC = NO;
				GCC_OPTIMIZATION_LEVEL = 0;
				GCC_PREPROCESSOR_DEFINITIONS = (
					"DEBUG=1",
					"$(inherited)",
				);
				GCC_SYMBOLS_PRIVATE_EXTERN = NO;
				GCC_WARN_64_TO_32_BIT_CONVERSION = YES;
				GCC_WARN_ABOUT_RETURN_TYPE = YES_ERROR;
				GCC_WARN_UNDECLARED_SELECTOR = YES;
				GCC_WARN_UNINITIALIZED_AUTOS = YES_AGGRESSIVE;
				GCC_WARN_UNUSED_FUNCTION = YES;
				GCC_WARN_UNUSED_VARIABLE = YES;
				MACOSX_DEPLOYMENT_TARGET = 10.9;
				MTL_ENABLE_DEBUG_INFO = YES;
				ONLY_ACTIVE_ARCH = YES;
				SDKROOT = macosx;
				SWIFT_OPTIMIZATION_LEVEL = "-Onone";
			};
			name = Debug;
		};
		34123B351A38FA6E00E26285 /* Release */ = {
			isa = XCBuildConfiguration;
			buildSettings = {
				ALWAYS_SEARCH_USER_PATHS = NO;
				CLANG_CXX_LANGUAGE_STANDARD = "gnu++0x";
				CLANG_CXX_LIBRARY = "libc++";
				CLANG_ENABLE_MODULES = YES;
				CLANG_ENABLE_OBJC_ARC = YES;
				CLANG_WARN_BOOL_CONVERSION = YES;
				CLANG_WARN_CONSTANT_CONVERSION = YES;
				CLANG_WARN_DIRECT_OBJC_ISA_USAGE = YES_ERROR;
				CLANG_WARN_EMPTY_BODY = YES;
				CLANG_WARN_ENUM_CONVERSION = YES;
				CLANG_WARN_INT_CONVERSION = YES;
				CLANG_WARN_OBJC_ROOT_CLASS = YES_ERROR;
				CLANG_WARN_UNREACHABLE_CODE = YES;
				CLANG_WARN__DUPLICATE_METHOD_MATCH = YES;
				COPY_PHASE_STRIP = YES;
				DEBUG_INFORMATION_FORMAT = "dwarf-with-dsym";
				ENABLE_NS_ASSERTIONS = NO;
				ENABLE_STRICT_OBJC_MSGSEND = YES;
				GCC_C_LANGUAGE_STANDARD = gnu99;
				GCC_WARN_64_TO_32_BIT_CONVERSION = YES;
				GCC_WARN_ABOUT_RETURN_TYPE = YES_ERROR;
				GCC_WARN_UNDECLARED_SELECTOR = YES;
				GCC_WARN_UNINITIALIZED_AUTOS = YES_AGGRESSIVE;
				GCC_WARN_UNUSED_FUNCTION = YES;
				GCC_WARN_UNUSED_VARIABLE = YES;
				MACOSX_DEPLOYMENT_TARGET = 10.9;
				MTL_ENABLE_DEBUG_INFO = NO;
				SDKROOT = macosx;
			};
			name = Release;
		};
		34123B441A38FBEB00E26285 /* Debug */ = {
			isa = XCBuildConfiguration;
			buildSettings = {
				CLANG_ENABLE_MODULES = YES;
				COMBINE_HIDPI_IMAGES = YES;
				FRAMEWORK_SEARCH_PATHS = (
					"$(DEVELOPER_FRAMEWORKS_DIR)",
					"$(inherited)",
				);
				GCC_PREPROCESSOR_DEFINITIONS = (
					"DEBUG=1",
					"$(inherited)",
				);
				INFOPLIST_FILE = "runner-test/Info.plist";
				LD_RUNPATH_SEARCH_PATHS = "$(inherited) @executable_path/../Frameworks @loader_path/../Frameworks";
				PRODUCT_NAME = "$(TARGET_NAME)";
				SWIFT_OPTIMIZATION_LEVEL = "-Onone";
			};
			name = Debug;
		};
		34123B451A38FBEB00E26285 /* Release */ = {
			isa = XCBuildConfiguration;
			buildSettings = {
				CLANG_ENABLE_MODULES = YES;
				COMBINE_HIDPI_IMAGES = YES;
				FRAMEWORK_SEARCH_PATHS = (
					"$(DEVELOPER_FRAMEWORKS_DIR)",
					"$(inherited)",
				);
				INFOPLIST_FILE = "runner-test/Info.plist";
				LD_RUNPATH_SEARCH_PATHS = "$(inherited) @executable_path/../Frameworks @loader_path/../Frameworks";
				PRODUCT_NAME = "$(TARGET_NAME)";
			};
			name = Release;
		};
/* End XCBuildConfiguration section */

/* Begin XCConfigurationList section */
		34123B2A1A38FA6E00E26285 /* Build configuration list for PBXProject "runner" */ = {
			isa = XCConfigurationList;
			buildConfigurations = (
				34123B341A38FA6E00E26285 /* Debug */,
				34123B351A38FA6E00E26285 /* Release */,
			);
			defaultConfigurationIsVisible = 0;
			defaultConfigurationName = Release;
		};
		34123B431A38FBEB00E26285 /* Build configuration list for PBXNativeTarget "runner-test" */ = {
			isa = XCConfigurationList;
			buildConfigurations = (
				34123B441A38FBEB00E26285 /* Debug */,
				34123B451A38FBEB00E26285 /* Release */,
			);
			defaultConfigurationIsVisible = 0;
			defaultConfigurationName = Release;
		};
/* End XCConfigurationList section */
	};
	rootObject = 34123B271A38FA6E00E26285 /* Project object */;
}
